
Microsoft Visual Studio Solution File, Format Version 12.00
# Visual Studio 2012
Project("{E24C65DC-7377-472B-9ABA-BC803B73C61A}") = "rosen_9-1", ".", "{3CE052A8-588A-4977-9626-7287C0CA9C15}"
	ProjectSection(WebsiteProperties) = preProject
		TargetFrameworkMoniker = ".NETFramework,Version%3Dv4.5"
		Debug.AspNetCompiler.VirtualPath = "/rosen_9-1"
		Debug.AspNetCompiler.PhysicalPath = "..\rosen_9-1\"
		Debug.AspNetCompiler.TargetPath = "PrecompiledWeb\rosen_9-1\"
		Debug.AspNetCompiler.Updateable = "true"
		Debug.AspNetCompiler.ForceOverwrite = "true"
		Debug.AspNetCompiler.FixedNames = "false"
		Debug.AspNetCompiler.Debug = "True"
		Release.AspNetCompiler.VirtualPath = "/rosen_9-1"
		Release.AspNetCompiler.PhysicalPath = "..\rosen_9-1\"
		Release.AspNetCompiler.TargetPath = "PrecompiledWeb\rosen_9-1\"
		Release.AspNetCompiler.Updateable = "true"
		Release.AspNetCompiler.ForceOverwrite = "true"
		Release.AspNetCompiler.FixedNames = "false"
		Release.AspNetCompiler.Debug = "False"
		VWDPort = "60413"
	EndProjectSection
EndProject
Global
	GlobalSection(SolutionConfigurationPlatforms) = preSolution
		Debug|Any CPU = Debug|Any CPU
	EndGlobalSection
	GlobalSection(ProjectConfigurationPlatforms) = postSolution
		{3CE052A8-588A-4977-9626-7287C0CA9C15}.Debug|Any CPU.ActiveCfg = Debug|Any CPU
		{3CE052A8-588A-4977-9626-7287C0CA9C15}.Debug|Any CPU.Build.0 = Debug|Any CPU
	EndGlobalSection
	GlobalSection(SolutionProperties) = preSolution
		HideSolutionNode = FALSE
	EndGlobalSection
EndGlobal
